
Microsoft Visual Studio Solution File, Format Version 12.00
# Visual Studio 2013
VisualStudioVersion = 12.0.30324.0
MinimumVisualStudioVersion = 10.0.40219.1
Project("{FAE04EC0-301F-11D3-BF4B-00C04F79EFBC}") = "AirlineDiscount", "MVC AirlineDiscount\AirlineDiscount.csproj", "{EBCDFC0C-CA97-4B1E-8573-0CCB0B175749}"
EndProject
Global
	GlobalSection(SolutionConfigurationPlatforms) = preSolution
		Debug|Any CPU = Debug|Any CPU
		Release|Any CPU = Release|Any CPU
	EndGlobalSection
	GlobalSection(ProjectConfigurationPlatforms) = postSolution
		{EBCDFC0C-CA97-4B1E-8573-0CCB0B175749}.Debug|Any CPU.ActiveCfg = Debug|Any CPU
		{EBCDFC0C-CA97-4B1E-8573-0CCB0B175749}.Debug|Any CPU.Build.0 = Debug|Any CPU
		{EBCDFC0C-CA97-4B1E-8573-0CCB0B175749}.Release|Any CPU.ActiveCfg = Release|Any CPU
		{EBCDFC0C-CA97-4B1E-8573-0CCB0B175749}.Release|Any CPU.Build.0 = Release|Any CPU
	EndGlobalSection
	GlobalSection(SolutionProperties) = preSolution
		HideSolutionNode = FALSE
	EndGlobalSection
EndGlobal
